
Microsoft Visual Studio Solution File, Format Version 12.00
# Visual Studio 2013
VisualStudioVersion = 12.0.0.0
MinimumVisualStudioVersion = 10.0.0.1
Project("{8BB2217D-0F2D-49D1-97BC-3654ED321F3B}") = "backend", "backend.xproj", "{C0AB0D9D-A825-4244-AC34-9970F492E156}"
EndProject
Global
	GlobalSection(SolutionConfigurationPlatforms) = preSolution
		Debug|Any CPU = Debug|Any CPU
		Release|Any CPU = Release|Any CPU
	EndGlobalSection
	GlobalSection(ProjectConfigurationPlatforms) = postSolution
		{C0AB0D9D-A825-4244-AC34-9970F492E156}.Debug|Any CPU.ActiveCfg = Debug|Any CPU
		{C0AB0D9D-A825-4244-AC34-9970F492E156}.Debug|Any CPU.Build.0 = Debug|Any CPU
		{C0AB0D9D-A825-4244-AC34-9970F492E156}.Release|Any CPU.ActiveCfg = Release|Any CPU
		{C0AB0D9D-A825-4244-AC34-9970F492E156}.Release|Any CPU.Build.0 = Release|Any CPU
	EndGlobalSection
	GlobalSection(SolutionProperties) = preSolution
		HideSolutionNode = FALSE
	EndGlobalSection
EndGlobal
